
Microsoft Visual Studio Solution File, Format Version 12.00
Project("{FAE04EC0-301F-11D3-BF4B-00C04F79EFBC}") = "pr1_3", "pr1_3\pr1_3.csproj", "{8A5E46DE-141C-4CBD-A4CC-9162E240CDB2}"
EndProject
Global
	GlobalSection(SolutionConfigurationPlatforms) = preSolution
		Debug|Any CPU = Debug|Any CPU
		Release|Any CPU = Release|Any CPU
	EndGlobalSection
	GlobalSection(ProjectConfigurationPlatforms) = postSolution
		{8A5E46DE-141C-4CBD-A4CC-9162E240CDB2}.Debug|Any CPU.ActiveCfg = Debug|Any CPU
		{8A5E46DE-141C-4CBD-A4CC-9162E240CDB2}.Debug|Any CPU.Build.0 = Debug|Any CPU
		{8A5E46DE-141C-4CBD-A4CC-9162E240CDB2}.Release|Any CPU.ActiveCfg = Release|Any CPU
		{8A5E46DE-141C-4CBD-A4CC-9162E240CDB2}.Release|Any CPU.Build.0 = Release|Any CPU
	EndGlobalSection
EndGlobal
