
Microsoft Visual Studio Solution File, Format Version 12.00
Project("{FAE04EC0-301F-11D3-BF4B-00C04F79EFBC}") = "pr3.2", "pr3.2\pr3.2.csproj", "{DA008799-2B5C-4860-A46B-FEE2A6384027}"
EndProject
Global
	GlobalSection(SolutionConfigurationPlatforms) = preSolution
		Debug|Any CPU = Debug|Any CPU
		Release|Any CPU = Release|Any CPU
	EndGlobalSection
	GlobalSection(ProjectConfigurationPlatforms) = postSolution
		{DA008799-2B5C-4860-A46B-FEE2A6384027}.Debug|Any CPU.ActiveCfg = Debug|Any CPU
		{DA008799-2B5C-4860-A46B-FEE2A6384027}.Debug|Any CPU.Build.0 = Debug|Any CPU
		{DA008799-2B5C-4860-A46B-FEE2A6384027}.Release|Any CPU.ActiveCfg = Release|Any CPU
		{DA008799-2B5C-4860-A46B-FEE2A6384027}.Release|Any CPU.Build.0 = Release|Any CPU
	EndGlobalSection
EndGlobal
