
Microsoft Visual Studio Solution File, Format Version 12.00
Project("{FAE04EC0-301F-11D3-BF4B-00C04F79EFBC}") = "pr4.1", "pr4.1\pr4.1.csproj", "{A923FA34-CDBB-497E-83E4-757A189605EF}"
EndProject
Global
	GlobalSection(SolutionConfigurationPlatforms) = preSolution
		Debug|Any CPU = Debug|Any CPU
		Release|Any CPU = Release|Any CPU
	EndGlobalSection
	GlobalSection(ProjectConfigurationPlatforms) = postSolution
		{A923FA34-CDBB-497E-83E4-757A189605EF}.Debug|Any CPU.ActiveCfg = Debug|Any CPU
		{A923FA34-CDBB-497E-83E4-757A189605EF}.Debug|Any CPU.Build.0 = Debug|Any CPU
		{A923FA34-CDBB-497E-83E4-757A189605EF}.Release|Any CPU.ActiveCfg = Release|Any CPU
		{A923FA34-CDBB-497E-83E4-757A189605EF}.Release|Any CPU.Build.0 = Release|Any CPU
	EndGlobalSection
EndGlobal
