
Microsoft Visual Studio Solution File, Format Version 12.00
Project("{FAE04EC0-301F-11D3-BF4B-00C04F79EFBC}") = "pr3.1", "pr3.1\pr3.1.csproj", "{8B0441E8-5088-4851-A849-23BF63013F19}"
EndProject
Global
	GlobalSection(SolutionConfigurationPlatforms) = preSolution
		Debug|Any CPU = Debug|Any CPU
		Release|Any CPU = Release|Any CPU
	EndGlobalSection
	GlobalSection(ProjectConfigurationPlatforms) = postSolution
		{8B0441E8-5088-4851-A849-23BF63013F19}.Debug|Any CPU.ActiveCfg = Debug|Any CPU
		{8B0441E8-5088-4851-A849-23BF63013F19}.Debug|Any CPU.Build.0 = Debug|Any CPU
		{8B0441E8-5088-4851-A849-23BF63013F19}.Release|Any CPU.ActiveCfg = Release|Any CPU
		{8B0441E8-5088-4851-A849-23BF63013F19}.Release|Any CPU.Build.0 = Release|Any CPU
	EndGlobalSection
EndGlobal
